// !$*UTF8*$!
{
	archiveVersion = 1;
	classes = {
	};
	objectVersion = 46;
	objects = {

/* Begin PBXBuildFile section */
		05C848E28D96F7FD4BC120A7 /* Pods_odontozoo_iosUITests.framework in Frameworks */ = {isa = PBXBuildFile; fileRef = 842805D3DCE6983567CAEE76 /* Pods_odontozoo_iosUITests.framework */; };
		740F72FB51065464AEA12513 /* Pods_odontozoo_ios.framework in Frameworks */ = {isa = PBXBuildFile; fileRef = AE2B77BA1A38068D4E447EB1 /* Pods_odontozoo_ios.framework */; };
		A72FAA001F92659200A1A5D0 /* camera-40x40@1x.png in Resources */ = {isa = PBXBuildFile; fileRef = A72FA9FF1F92659200A1A5D0 /* camera-40x40@1x.png */; };
		A72FAA021F928AD400A1A5D0 /* OdontogramaImageViewController.swift in Sources */ = {isa = PBXBuildFile; fileRef = A72FAA011F928AD300A1A5D0 /* OdontogramaImageViewController.swift */; };
		A73767D41F79615500AE7A38 /* AppDelegate.swift in Sources */ = {isa = PBXBuildFile; fileRef = A73767D31F79615500AE7A38 /* AppDelegate.swift */; };
		A73767D91F79615500AE7A38 /* Main.storyboard in Resources */ = {isa = PBXBuildFile; fileRef = A73767D71F79615500AE7A38 /* Main.storyboard */; };
		A73767DC1F79615500AE7A38 /* odontozoo_ios.xcdatamodeld in Sources */ = {isa = PBXBuildFile; fileRef = A73767DA1F79615500AE7A38 /* odontozoo_ios.xcdatamodeld */; };
		A73767E11F79615500AE7A38 /* LaunchScreen.storyboard in Resources */ = {isa = PBXBuildFile; fileRef = A73767DF1F79615500AE7A38 /* LaunchScreen.storyboard */; };
		A73767EC1F79615500AE7A38 /* odontozoo_iosTests.swift in Sources */ = {isa = PBXBuildFile; fileRef = A73767EB1F79615500AE7A38 /* odontozoo_iosTests.swift */; };
		A73767F71F79615500AE7A38 /* odontozoo_iosUITests.swift in Sources */ = {isa = PBXBuildFile; fileRef = A73767F61F79615500AE7A38 /* odontozoo_iosUITests.swift */; };
		A73768051F7A113E00AE7A38 /* GoogleService-Info.plist in Resources */ = {isa = PBXBuildFile; fileRef = A73768041F7A113E00AE7A38 /* GoogleService-Info.plist */; };
		A75521CC1F912E0500B22C1E /* OdontogramaImageCollectionViewCell.swift in Sources */ = {isa = PBXBuildFile; fileRef = A75521CB1F912E0500B22C1E /* OdontogramaImageCollectionViewCell.swift */; };
		A75521CE1F91DF9E00B22C1E /* Assets.xcassets in Resources */ = {isa = PBXBuildFile; fileRef = A75521CD1F91DF9E00B22C1E /* Assets.xcassets */; };
		A75521D01F92448400B22C1E /* OdontogramaImagesHeaderView.swift in Sources */ = {isa = PBXBuildFile; fileRef = A75521CF1F92448400B22C1E /* OdontogramaImagesHeaderView.swift */; };
		A76C02E71F8AC31F008F113B /* OdontogramaSvgViewController.swift in Sources */ = {isa = PBXBuildFile; fileRef = A76C02E61F8AC31F008F113B /* OdontogramaSvgViewController.swift */; };
		A76C02E91F8AC5F7008F113B /* OdontogramaTabBarController.swift in Sources */ = {isa = PBXBuildFile; fileRef = A76C02E81F8AC5F7008F113B /* OdontogramaTabBarController.swift */; };
		A76C02F41F8ADFE9008F113B /* iTunesArtwork@1x.png in Resources */ = {isa = PBXBuildFile; fileRef = A76C02F01F8ADFE9008F113B /* iTunesArtwork@1x.png */; };
		A76C02F51F8ADFE9008F113B /* iTunesArtwork@2x.png in Resources */ = {isa = PBXBuildFile; fileRef = A76C02F11F8ADFE9008F113B /* iTunesArtwork@2x.png */; };
		A76C02F61F8ADFE9008F113B /* iTunesArtwork@3x.png in Resources */ = {isa = PBXBuildFile; fileRef = A76C02F21F8ADFE9008F113B /* iTunesArtwork@3x.png */; };
		A76C02F71F8ADFE9008F113B /* AppIcon.appiconset in Resources */ = {isa = PBXBuildFile; fileRef = A76C02F31F8ADFE9008F113B /* AppIcon.appiconset */; };
		A77CAD061F92AF1E000657BD /* OdontogramaCameraViewController.swift in Sources */ = {isa = PBXBuildFile; fileRef = A77CAD051F92AF1E000657BD /* OdontogramaCameraViewController.swift */; };
		A79BB8451F958BE9003E6290 /* Localizable.strings in Resources */ = {isa = PBXBuildFile; fileRef = A79BB8471F958BE9003E6290 /* Localizable.strings */; };
		A7AA702F1F80543D00835DF2 /* RegisterViewController.swift in Sources */ = {isa = PBXBuildFile; fileRef = A7AA702E1F80543D00835DF2 /* RegisterViewController.swift */; };
		A7AA70331F80593500835DF2 /* UIViewController+Alerts.m in Sources */ = {isa = PBXBuildFile; fileRef = A7AA70301F80593500835DF2 /* UIViewController+Alerts.m */; };
		A7AA70361F80662C00835DF2 /* SignInViewController.swift in Sources */ = {isa = PBXBuildFile; fileRef = A7AA70351F80662C00835DF2 /* SignInViewController.swift */; };
		A7AA70381F80855200835DF2 /* Utils.swift in Sources */ = {isa = PBXBuildFile; fileRef = A7AA70371F80855200835DF2 /* Utils.swift */; };
		A7AA703A1F8474A800835DF2 /* OdontogramaListViewController.swift in Sources */ = {isa = PBXBuildFile; fileRef = A7AA70391F8474A800835DF2 /* OdontogramaListViewController.swift */; };
		A7AA703C1F86AA2D00835DF2 /* ImageTableViewCell.swift in Sources */ = {isa = PBXBuildFile; fileRef = A7AA703B1F86AA2D00835DF2 /* ImageTableViewCell.swift */; };
		A7AA70401F89ABE500835DF2 /* OdontogramaDetailViewController.swift in Sources */ = {isa = PBXBuildFile; fileRef = A7AA703F1F89ABE500835DF2 /* OdontogramaDetailViewController.swift */; };
		A7B2F2FC1F9066F300098E69 /* photo_gallery_29x29.png in Resources */ = {isa = PBXBuildFile; fileRef = A7B2F2FB1F9066F300098E69 /* photo_gallery_29x29.png */; };
		A7B2F2FE1F9067B300098E69 /* edit_29x29.png in Resources */ = {isa = PBXBuildFile; fileRef = A7B2F2FD1F9067B300098E69 /* edit_29x29.png */; };
		A7B2F3001F906E2A00098E69 /* OdontogramaImagesViewController.swift in Sources */ = {isa = PBXBuildFile; fileRef = A7B2F2FF1F906E2A00098E69 /* OdontogramaImagesViewController.swift */; };
		A7BC2A161F7F00D6006FF242 /* Imagem.swift in Sources */ = {isa = PBXBuildFile; fileRef = A7BC2A151F7F00D6006FF242 /* Imagem.swift */; };
		A7BC2A191F7F023E006FF242 /* Usuario.swift in Sources */ = {isa = PBXBuildFile; fileRef = A7BC2A181F7F023E006FF242 /* Usuario.swift */; };
		A7BC2A1B1F7F086B006FF242 /* Odontograma.swift in Sources */ = {isa = PBXBuildFile; fileRef = A7BC2A1A1F7F086B006FF242 /* Odontograma.swift */; };
		BE3E186CF97443B0848839FB /* Pods_odontozoo_iosTests.framework in Frameworks */ = {isa = PBXBuildFile; fileRef = 023995BB3B10EB4A66913A2F /* Pods_odontozoo_iosTests.framework */; };
/* End PBXBuildFile section */

/* Begin PBXContainerItemProxy section */
		A73767E81F79615500AE7A38 /* PBXContainerItemProxy */ = {
			isa = PBXContainerItemProxy;
			containerPortal = A73767C81F79615400AE7A38 /* Project object */;
			proxyType = 1;
			remoteGlobalIDString = A73767CF1F79615400AE7A38;
			remoteInfo = "odontozoo-ios";
		};
		A73767F31F79615500AE7A38 /* PBXContainerItemProxy */ = {
			isa = PBXContainerItemProxy;
			containerPortal = A73767C81F79615400AE7A38 /* Project object */;
			proxyType = 1;
			remoteGlobalIDString = A73767CF1F79615400AE7A38;
			remoteInfo = "odontozoo-ios";
		};
/* End PBXContainerItemProxy section */

/* Begin PBXFileReference section */
		023995BB3B10EB4A66913A2F /* Pods_odontozoo_iosTests.framework */ = {isa = PBXFileReference; explicitFileType = wrapper.framework; includeInIndex = 0; path = Pods_odontozoo_iosTests.framework; sourceTree = BUILT_PRODUCTS_DIR; };
		05D589F95783E167305B50DA /* Pods-odontozoo-iosUITests.release.xcconfig */ = {isa = PBXFileReference; includeInIndex = 1; lastKnownFileType = text.xcconfig; name = "Pods-odontozoo-iosUITests.release.xcconfig"; path = "Pods/Target Support Files/Pods-odontozoo-iosUITests/Pods-odontozoo-iosUITests.release.xcconfig"; sourceTree = "<group>"; };
		569C673336E4F44019A91860 /* Pods-odontozoo-ios.release.xcconfig */ = {isa = PBXFileReference; includeInIndex = 1; lastKnownFileType = text.xcconfig; name = "Pods-odontozoo-ios.release.xcconfig"; path = "Pods/Target Support Files/Pods-odontozoo-ios/Pods-odontozoo-ios.release.xcconfig"; sourceTree = "<group>"; };
		6ECD0F1976585EE9C8B8C814 /* Pods-odontozoo-iosUITests.debug.xcconfig */ = {isa = PBXFileReference; includeInIndex = 1; lastKnownFileType = text.xcconfig; name = "Pods-odontozoo-iosUITests.debug.xcconfig"; path = "Pods/Target Support Files/Pods-odontozoo-iosUITests/Pods-odontozoo-iosUITests.debug.xcconfig"; sourceTree = "<group>"; };
		7803564E29AE2F09606C8DDC /* Pods-odontozoo-iosTests.debug.xcconfig */ = {isa = PBXFileReference; includeInIndex = 1; lastKnownFileType = text.xcconfig; name = "Pods-odontozoo-iosTests.debug.xcconfig"; path = "Pods/Target Support Files/Pods-odontozoo-iosTests/Pods-odontozoo-iosTests.debug.xcconfig"; sourceTree = "<group>"; };
		842805D3DCE6983567CAEE76 /* Pods_odontozoo_iosUITests.framework */ = {isa = PBXFileReference; explicitFileType = wrapper.framework; includeInIndex = 0; path = Pods_odontozoo_iosUITests.framework; sourceTree = BUILT_PRODUCTS_DIR; };
		A2582341F51E7967893272DF /* Pods-odontozoo-ios.debug.xcconfig */ = {isa = PBXFileReference; includeInIndex = 1; lastKnownFileType = text.xcconfig; name = "Pods-odontozoo-ios.debug.xcconfig"; path = "Pods/Target Support Files/Pods-odontozoo-ios/Pods-odontozoo-ios.debug.xcconfig"; sourceTree = "<group>"; };
		A72FA9FF1F92659200A1A5D0 /* camera-40x40@1x.png */ = {isa = PBXFileReference; lastKnownFileType = image.png; path = "camera-40x40@1x.png"; sourceTree = "<group>"; };
		A72FAA011F928AD300A1A5D0 /* OdontogramaImageViewController.swift */ = {isa = PBXFileReference; fileEncoding = 4; lastKnownFileType = sourcecode.swift; path = OdontogramaImageViewController.swift; sourceTree = "<group>"; };
		A73767D01F79615400AE7A38 /* odontozoo-ios.app */ = {isa = PBXFileReference; explicitFileType = wrapper.application; includeInIndex = 0; path = "odontozoo-ios.app"; sourceTree = BUILT_PRODUCTS_DIR; };
		A73767D31F79615500AE7A38 /* AppDelegate.swift */ = {isa = PBXFileReference; lastKnownFileType = sourcecode.swift; path = AppDelegate.swift; sourceTree = "<group>"; };
		A73767D81F79615500AE7A38 /* Base */ = {isa = PBXFileReference; lastKnownFileType = file.storyboard; name = Base; path = Base.lproj/Main.storyboard; sourceTree = "<group>"; };
		A73767DB1F79615500AE7A38 /* odontozoo_ios.xcdatamodel */ = {isa = PBXFileReference; lastKnownFileType = wrapper.xcdatamodel; path = odontozoo_ios.xcdatamodel; sourceTree = "<group>"; };
		A73767E01F79615500AE7A38 /* Base */ = {isa = PBXFileReference; lastKnownFileType = file.storyboard; name = Base; path = Base.lproj/LaunchScreen.storyboard; sourceTree = "<group>"; };
		A73767E21F79615500AE7A38 /* Info.plist */ = {isa = PBXFileReference; lastKnownFileType = text.plist.xml; path = Info.plist; sourceTree = "<group>"; };
		A73767E71F79615500AE7A38 /* odontozoo-iosTests.xctest */ = {isa = PBXFileReference; explicitFileType = wrapper.cfbundle; includeInIndex = 0; path = "odontozoo-iosTests.xctest"; sourceTree = BUILT_PRODUCTS_DIR; };
		A73767EB1F79615500AE7A38 /* odontozoo_iosTests.swift */ = {isa = PBXFileReference; lastKnownFileType = sourcecode.swift; path = odontozoo_iosTests.swift; sourceTree = "<group>"; };
		A73767ED1F79615500AE7A38 /* Info.plist */ = {isa = PBXFileReference; lastKnownFileType = text.plist.xml; path = Info.plist; sourceTree = "<group>"; };
		A73767F21F79615500AE7A38 /* odontozoo-iosUITests.xctest */ = {isa = PBXFileReference; explicitFileType = wrapper.cfbundle; includeInIndex = 0; path = "odontozoo-iosUITests.xctest"; sourceTree = BUILT_PRODUCTS_DIR; };
		A73767F61F79615500AE7A38 /* odontozoo_iosUITests.swift */ = {isa = PBXFileReference; lastKnownFileType = sourcecode.swift; path = odontozoo_iosUITests.swift; sourceTree = "<group>"; };
		A73767F81F79615500AE7A38 /* Info.plist */ = {isa = PBXFileReference; lastKnownFileType = text.plist.xml; path = Info.plist; sourceTree = "<group>"; };
		A73768041F7A113E00AE7A38 /* GoogleService-Info.plist */ = {isa = PBXFileReference; fileEncoding = 4; lastKnownFileType = text.plist.xml; path = "GoogleService-Info.plist"; sourceTree = "<group>"; };
		A75521CB1F912E0500B22C1E /* OdontogramaImageCollectionViewCell.swift */ = {isa = PBXFileReference; fileEncoding = 4; lastKnownFileType = sourcecode.swift; path = OdontogramaImageCollectionViewCell.swift; sourceTree = "<group>"; };
		A75521CD1F91DF9E00B22C1E /* Assets.xcassets */ = {isa = PBXFileReference; lastKnownFileType = folder.assetcatalog; path = Assets.xcassets; sourceTree = "<group>"; };
		A75521CF1F92448400B22C1E /* OdontogramaImagesHeaderView.swift */ = {isa = PBXFileReference; fileEncoding = 4; lastKnownFileType = sourcecode.swift; path = OdontogramaImagesHeaderView.swift; sourceTree = "<group>"; };
		A76C02E61F8AC31F008F113B /* OdontogramaSvgViewController.swift */ = {isa = PBXFileReference; fileEncoding = 4; lastKnownFileType = sourcecode.swift; path = OdontogramaSvgViewController.swift; sourceTree = "<group>"; };
		A76C02E81F8AC5F7008F113B /* OdontogramaTabBarController.swift */ = {isa = PBXFileReference; fileEncoding = 4; lastKnownFileType = sourcecode.swift; path = OdontogramaTabBarController.swift; sourceTree = "<group>"; };
		A76C02F01F8ADFE9008F113B /* iTunesArtwork@1x.png */ = {isa = PBXFileReference; lastKnownFileType = image.png; name = "iTunesArtwork@1x.png"; path = "odontozoo-ios/Assets.xcassets/iTunesArtwork@1x.png"; sourceTree = "<group>"; };
		A76C02F11F8ADFE9008F113B /* iTunesArtwork@2x.png */ = {isa = PBXFileReference; lastKnownFileType = image.png; name = "iTunesArtwork@2x.png"; path = "odontozoo-ios/Assets.xcassets/iTunesArtwork@2x.png"; sourceTree = "<group>"; };
		A76C02F21F8ADFE9008F113B /* iTunesArtwork@3x.png */ = {isa = PBXFileReference; lastKnownFileType = image.png; name = "iTunesArtwork@3x.png"; path = "odontozoo-ios/Assets.xcassets/iTunesArtwork@3x.png"; sourceTree = "<group>"; };
		A76C02F31F8ADFE9008F113B /* AppIcon.appiconset */ = {isa = PBXFileReference; lastKnownFileType = folder; name = AppIcon.appiconset; path = "odontozoo-ios/Assets.xcassets/AppIcon.appiconset"; sourceTree = "<group>"; };
		A77CAD051F92AF1E000657BD /* OdontogramaCameraViewController.swift */ = {isa = PBXFileReference; fileEncoding = 4; lastKnownFileType = sourcecode.swift; path = OdontogramaCameraViewController.swift; sourceTree = "<group>"; };
		A79BB8341F957EB1003E6290 /* pt-BR */ = {isa = PBXFileReference; lastKnownFileType = text.plist.strings; name = "pt-BR"; path = "pt-BR.lproj/Main.strings"; sourceTree = "<group>"; };
		A79BB8351F957EB1003E6290 /* pt-BR */ = {isa = PBXFileReference; lastKnownFileType = text.plist.strings; name = "pt-BR"; path = "pt-BR.lproj/LaunchScreen.strings"; sourceTree = "<group>"; };
		A79BB8361F95879B003E6290 /* es */ = {isa = PBXFileReference; lastKnownFileType = text.plist.strings; name = es; path = es.lproj/Main.strings; sourceTree = "<group>"; };
		A79BB8371F95879B003E6290 /* es */ = {isa = PBXFileReference; lastKnownFileType = text.plist.strings; name = es; path = es.lproj/LaunchScreen.strings; sourceTree = "<group>"; };
		A79BB8461F958BE9003E6290 /* es */ = {isa = PBXFileReference; lastKnownFileType = text.plist.strings; name = es; path = es.lproj/Localizable.strings; sourceTree = "<group>"; };
		A79BB8481F958C51003E6290 /* Base */ = {isa = PBXFileReference; lastKnownFileType = text.plist.strings; name = Base; path = Base.lproj/Localizable.strings; sourceTree = "<group>"; };
		A7AA702E1F80543D00835DF2 /* RegisterViewController.swift */ = {isa = PBXFileReference; fileEncoding = 4; lastKnownFileType = sourcecode.swift; path = RegisterViewController.swift; sourceTree = "<group>"; };
		A7AA70301F80593500835DF2 /* UIViewController+Alerts.m */ = {isa = PBXFileReference; fileEncoding = 4; lastKnownFileType = sourcecode.c.objc; path = "UIViewController+Alerts.m"; sourceTree = "<group>"; };
		A7AA70311F80593500835DF2 /* UIViewController+Alerts.h */ = {isa = PBXFileReference; fileEncoding = 4; lastKnownFileType = sourcecode.c.h; path = "UIViewController+Alerts.h"; sourceTree = "<group>"; };
		A7AA70341F8059A900835DF2 /* odontozoo-ios-Bridging-Header.h */ = {isa = PBXFileReference; fileEncoding = 4; lastKnownFileType = sourcecode.c.h; path = "odontozoo-ios-Bridging-Header.h"; sourceTree = "<group>"; };
		A7AA70351F80662C00835DF2 /* SignInViewController.swift */ = {isa = PBXFileReference; fileEncoding = 4; lastKnownFileType = sourcecode.swift; path = SignInViewController.swift; sourceTree = "<group>"; };
		A7AA70371F80855200835DF2 /* Utils.swift */ = {isa = PBXFileReference; fileEncoding = 4; lastKnownFileType = sourcecode.swift; path = Utils.swift; sourceTree = "<group>"; };
		A7AA70391F8474A800835DF2 /* OdontogramaListViewController.swift */ = {isa = PBXFileReference; fileEncoding = 4; lastKnownFileType = sourcecode.swift; path = OdontogramaListViewController.swift; sourceTree = "<group>"; };
		A7AA703B1F86AA2D00835DF2 /* ImageTableViewCell.swift */ = {isa = PBXFileReference; fileEncoding = 4; lastKnownFileType = sourcecode.swift; path = ImageTableViewCell.swift; sourceTree = "<group>"; };
		A7AA703F1F89ABE500835DF2 /* OdontogramaDetailViewController.swift */ = {isa = PBXFileReference; fileEncoding = 4; lastKnownFileType = sourcecode.swift; path = OdontogramaDetailViewController.swift; sourceTree = "<group>"; };
		A7B2F2FB1F9066F300098E69 /* photo_gallery_29x29.png */ = {isa = PBXFileReference; lastKnownFileType = image.png; name = photo_gallery_29x29.png; path = "odontozoo-ios/photo_gallery_29x29.png"; sourceTree = "<group>"; };
		A7B2F2FD1F9067B300098E69 /* edit_29x29.png */ = {isa = PBXFileReference; lastKnownFileType = image.png; name = edit_29x29.png; path = "odontozoo-ios/edit_29x29.png"; sourceTree = "<group>"; };
		A7B2F2FF1F906E2A00098E69 /* OdontogramaImagesViewController.swift */ = {isa = PBXFileReference; fileEncoding = 4; lastKnownFileType = sourcecode.swift; path = OdontogramaImagesViewController.swift; sourceTree = "<group>"; };
		A7BC2A151F7F00D6006FF242 /* Imagem.swift */ = {isa = PBXFileReference; fileEncoding = 4; lastKnownFileType = sourcecode.swift; path = Imagem.swift; sourceTree = "<group>"; };
		A7BC2A181F7F023E006FF242 /* Usuario.swift */ = {isa = PBXFileReference; fileEncoding = 4; lastKnownFileType = sourcecode.swift; path = Usuario.swift; sourceTree = "<group>"; };
		A7BC2A1A1F7F086B006FF242 /* Odontograma.swift */ = {isa = PBXFileReference; fileEncoding = 4; lastKnownFileType = sourcecode.swift; path = Odontograma.swift; sourceTree = "<group>"; };
		AE2B77BA1A38068D4E447EB1 /* Pods_odontozoo_ios.framework */ = {isa = PBXFileReference; explicitFileType = wrapper.framework; includeInIndex = 0; path = Pods_odontozoo_ios.framework; sourceTree = BUILT_PRODUCTS_DIR; };
		C3FB93D52BE707A96E52981F /* Pods-odontozoo-iosTests.release.xcconfig */ = {isa = PBXFileReference; includeInIndex = 1; lastKnownFileType = text.xcconfig; name = "Pods-odontozoo-iosTests.release.xcconfig"; path = "Pods/Target Support Files/Pods-odontozoo-iosTests/Pods-odontozoo-iosTests.release.xcconfig"; sourceTree = "<group>"; };
/* End PBXFileReference section */

/* Begin PBXFrameworksBuildPhase section */
		A73767CD1F79615400AE7A38 /* Frameworks */ = {
			isa = PBXFrameworksBuildPhase;
			buildActionMask = 2147483647;
			files = (
				740F72FB51065464AEA12513 /* Pods_odontozoo_ios.framework in Frameworks */,
			);
			runOnlyForDeploymentPostprocessing = 0;
		};
		A73767E41F79615500AE7A38 /* Frameworks */ = {
			isa = PBXFrameworksBuildPhase;
			buildActionMask = 2147483647;
			files = (
				BE3E186CF97443B0848839FB /* Pods_odontozoo_iosTests.framework in Frameworks */,
			);
			runOnlyForDeploymentPostprocessing = 0;
		};
		A73767EF1F79615500AE7A38 /* Frameworks */ = {
			isa = PBXFrameworksBuildPhase;
			buildActionMask = 2147483647;
			files = (
				05C848E28D96F7FD4BC120A7 /* Pods_odontozoo_iosUITests.framework in Frameworks */,
			);
			runOnlyForDeploymentPostprocessing = 0;
		};
/* End PBXFrameworksBuildPhase section */

/* Begin PBXGroup section */
		A73767C71F79615400AE7A38 = {
			isa = PBXGroup;
			children = (
				A72FA9FF1F92659200A1A5D0 /* camera-40x40@1x.png */,
				A7B2F2FD1F9067B300098E69 /* edit_29x29.png */,
				A7B2F2FB1F9066F300098E69 /* photo_gallery_29x29.png */,
				A76C02F01F8ADFE9008F113B /* iTunesArtwork@1x.png */,
				A76C02F11F8ADFE9008F113B /* iTunesArtwork@2x.png */,
				A76C02F21F8ADFE9008F113B /* iTunesArtwork@3x.png */,
				A76C02F31F8ADFE9008F113B /* AppIcon.appiconset */,
				A73767D21F79615400AE7A38 /* odontozoo-ios */,
				A73767EA1F79615500AE7A38 /* odontozoo-iosTests */,
				A73767F51F79615500AE7A38 /* odontozoo-iosUITests */,
				A73767D11F79615400AE7A38 /* Products */,
				C1BE9321FED35484EDEEA83B /* Pods */,
				E693099B8049B23C41FB9D34 /* Frameworks */,
			);
			sourceTree = "<group>";
		};
		A73767D11F79615400AE7A38 /* Products */ = {
			isa = PBXGroup;
			children = (
				A73767D01F79615400AE7A38 /* odontozoo-ios.app */,
				A73767E71F79615500AE7A38 /* odontozoo-iosTests.xctest */,
				A73767F21F79615500AE7A38 /* odontozoo-iosUITests.xctest */,
			);
			name = Products;
			sourceTree = "<group>";
		};
		A73767D21F79615400AE7A38 /* odontozoo-ios */ = {
			isa = PBXGroup;
			children = (
				A75521CD1F91DF9E00B22C1E /* Assets.xcassets */,
				A7AA70351F80662C00835DF2 /* SignInViewController.swift */,
				A7BC2A1C1F7F39AE006FF242 /* Utils */,
				A7BC2A171F7F01DC006FF242 /* entities */,
				A73768041F7A113E00AE7A38 /* GoogleService-Info.plist */,
				A73767D31F79615500AE7A38 /* AppDelegate.swift */,
				A73767D71F79615500AE7A38 /* Main.storyboard */,
				A73767DF1F79615500AE7A38 /* LaunchScreen.storyboard */,
				A73767E21F79615500AE7A38 /* Info.plist */,
				A73767DA1F79615500AE7A38 /* odontozoo_ios.xcdatamodeld */,
				A7AA702E1F80543D00835DF2 /* RegisterViewController.swift */,
				A7AA70391F8474A800835DF2 /* OdontogramaListViewController.swift */,
				A7AA703B1F86AA2D00835DF2 /* ImageTableViewCell.swift */,
				A7AA703F1F89ABE500835DF2 /* OdontogramaDetailViewController.swift */,
				A76C02E61F8AC31F008F113B /* OdontogramaSvgViewController.swift */,
				A76C02E81F8AC5F7008F113B /* OdontogramaTabBarController.swift */,
				A7B2F2FF1F906E2A00098E69 /* OdontogramaImagesViewController.swift */,
				A75521CB1F912E0500B22C1E /* OdontogramaImageCollectionViewCell.swift */,
				A75521CF1F92448400B22C1E /* OdontogramaImagesHeaderView.swift */,
				A72FAA011F928AD300A1A5D0 /* OdontogramaImageViewController.swift */,
				A77CAD051F92AF1E000657BD /* OdontogramaCameraViewController.swift */,
				A79BB8471F958BE9003E6290 /* Localizable.strings */,
			);
			path = "odontozoo-ios";
			sourceTree = "<group>";
		};
		A73767EA1F79615500AE7A38 /* odontozoo-iosTests */ = {
			isa = PBXGroup;
			children = (
				A73767EB1F79615500AE7A38 /* odontozoo_iosTests.swift */,
				A73767ED1F79615500AE7A38 /* Info.plist */,
			);
			path = "odontozoo-iosTests";
			sourceTree = "<group>";
		};
		A73767F51F79615500AE7A38 /* odontozoo-iosUITests */ = {
			isa = PBXGroup;
			children = (
				A73767F61F79615500AE7A38 /* odontozoo_iosUITests.swift */,
				A73767F81F79615500AE7A38 /* Info.plist */,
			);
			path = "odontozoo-iosUITests";
			sourceTree = "<group>";
		};
		A7BC2A171F7F01DC006FF242 /* entities */ = {
			isa = PBXGroup;
			children = (
				A7BC2A151F7F00D6006FF242 /* Imagem.swift */,
				A7BC2A181F7F023E006FF242 /* Usuario.swift */,
				A7BC2A1A1F7F086B006FF242 /* Odontograma.swift */,
			);
			name = entities;
			sourceTree = "<group>";
		};
		A7BC2A1C1F7F39AE006FF242 /* Utils */ = {
			isa = PBXGroup;
			children = (
				A7AA70341F8059A900835DF2 /* odontozoo-ios-Bridging-Header.h */,
				A7AA70301F80593500835DF2 /* UIViewController+Alerts.m */,
				A7AA70311F80593500835DF2 /* UIViewController+Alerts.h */,
				A7AA70371F80855200835DF2 /* Utils.swift */,
			);
			name = Utils;
			sourceTree = "<group>";
		};
		C1BE9321FED35484EDEEA83B /* Pods */ = {
			isa = PBXGroup;
			children = (
				A2582341F51E7967893272DF /* Pods-odontozoo-ios.debug.xcconfig */,
				569C673336E4F44019A91860 /* Pods-odontozoo-ios.release.xcconfig */,
				7803564E29AE2F09606C8DDC /* Pods-odontozoo-iosTests.debug.xcconfig */,
				C3FB93D52BE707A96E52981F /* Pods-odontozoo-iosTests.release.xcconfig */,
				6ECD0F1976585EE9C8B8C814 /* Pods-odontozoo-iosUITests.debug.xcconfig */,
				05D589F95783E167305B50DA /* Pods-odontozoo-iosUITests.release.xcconfig */,
			);
			name = Pods;
			sourceTree = "<group>";
		};
		E693099B8049B23C41FB9D34 /* Frameworks */ = {
			isa = PBXGroup;
			children = (
				AE2B77BA1A38068D4E447EB1 /* Pods_odontozoo_ios.framework */,
				023995BB3B10EB4A66913A2F /* Pods_odontozoo_iosTests.framework */,
				842805D3DCE6983567CAEE76 /* Pods_odontozoo_iosUITests.framework */,
			);
			name = Frameworks;
			sourceTree = "<group>";
		};
/* End PBXGroup section */

/* Begin PBXNativeTarget section */
		A73767CF1F79615400AE7A38 /* odontozoo-ios */ = {
			isa = PBXNativeTarget;
			buildConfigurationList = A73767FB1F79615500AE7A38 /* Build configuration list for PBXNativeTarget "odontozoo-ios" */;
			buildPhases = (
				B7BBF54385C33A71354C1321 /* [CP] Check Pods Manifest.lock */,
				A73767CC1F79615400AE7A38 /* Sources */,
				A73767CD1F79615400AE7A38 /* Frameworks */,
				A73767CE1F79615400AE7A38 /* Resources */,
				FEA8B0A2F75DFC056FB32B8A /* [CP] Embed Pods Frameworks */,
				2F1852A69D9074AEE45B7EE0 /* [CP] Copy Pods Resources */,
			);
			buildRules = (
			);
			dependencies = (
			);
			name = "odontozoo-ios";
			productName = "odontozoo-ios";
			productReference = A73767D01F79615400AE7A38 /* odontozoo-ios.app */;
			productType = "com.apple.product-type.application";
		};
		A73767E61F79615500AE7A38 /* odontozoo-iosTests */ = {
			isa = PBXNativeTarget;
			buildConfigurationList = A73767FE1F79615500AE7A38 /* Build configuration list for PBXNativeTarget "odontozoo-iosTests" */;
			buildPhases = (
				BC8B0F0D7BB515AEF49201E2 /* [CP] Check Pods Manifest.lock */,
				A73767E31F79615500AE7A38 /* Sources */,
				A73767E41F79615500AE7A38 /* Frameworks */,
				A73767E51F79615500AE7A38 /* Resources */,
				EF5D713A7784AFC1EDAD9CBE /* [CP] Embed Pods Frameworks */,
				6264852E27E99214F8B16F30 /* [CP] Copy Pods Resources */,
			);
			buildRules = (
			);
			dependencies = (
				A73767E91F79615500AE7A38 /* PBXTargetDependency */,
			);
			name = "odontozoo-iosTests";
			productName = "odontozoo-iosTests";
			productReference = A73767E71F79615500AE7A38 /* odontozoo-iosTests.xctest */;
			productType = "com.apple.product-type.bundle.unit-test";
		};
		A73767F11F79615500AE7A38 /* odontozoo-iosUITests */ = {
			isa = PBXNativeTarget;
			buildConfigurationList = A73768011F79615500AE7A38 /* Build configuration list for PBXNativeTarget "odontozoo-iosUITests" */;
			buildPhases = (
				7BE70F80C3954709D0E3DD2B /* [CP] Check Pods Manifest.lock */,
				A73767EE1F79615500AE7A38 /* Sources */,
				A73767EF1F79615500AE7A38 /* Frameworks */,
				A73767F01F79615500AE7A38 /* Resources */,
				1E515E8D8D681664929AE941 /* [CP] Embed Pods Frameworks */,
				9D913733C18FB29908F25641 /* [CP] Copy Pods Resources */,
			);
			buildRules = (
			);
			dependencies = (
				A73767F41F79615500AE7A38 /* PBXTargetDependency */,
			);
			name = "odontozoo-iosUITests";
			productName = "odontozoo-iosUITests";
			productReference = A73767F21F79615500AE7A38 /* odontozoo-iosUITests.xctest */;
			productType = "com.apple.product-type.bundle.ui-testing";
		};
/* End PBXNativeTarget section */

/* Begin PBXProject section */
		A73767C81F79615400AE7A38 /* Project object */ = {
			isa = PBXProject;
			attributes = {
				LastSwiftUpdateCheck = 0830;
				LastUpgradeCheck = 0830;
				ORGANIZATIONNAME = "Leonardo de Araujo Barnabe";
				TargetAttributes = {
					A73767CF1F79615400AE7A38 = {
						CreatedOnToolsVersion = 8.3.2;
						DevelopmentTeam = 55X7XV56SM;
						LastSwiftMigration = 0830;
						ProvisioningStyle = Automatic;
					};
					A73767E61F79615500AE7A38 = {
						CreatedOnToolsVersion = 8.3.2;
						DevelopmentTeam = 55X7XV56SM;
						ProvisioningStyle = Automatic;
						TestTargetID = A73767CF1F79615400AE7A38;
					};
					A73767F11F79615500AE7A38 = {
						CreatedOnToolsVersion = 8.3.2;
						DevelopmentTeam = 55X7XV56SM;
						ProvisioningStyle = Automatic;
						TestTargetID = A73767CF1F79615400AE7A38;
					};
				};
			};
			buildConfigurationList = A73767CB1F79615400AE7A38 /* Build configuration list for PBXProject "odontozoo-ios" */;
			compatibilityVersion = "Xcode 3.2";
			developmentRegion = English;
			hasScannedForEncodings = 0;
			knownRegions = (
				en,
				Base,
				es,
			);
			mainGroup = A73767C71F79615400AE7A38;
			productRefGroup = A73767D11F79615400AE7A38 /* Products */;
			projectDirPath = "";
			projectRoot = "";
			targets = (
				A73767CF1F79615400AE7A38 /* odontozoo-ios */,
				A73767E61F79615500AE7A38 /* odontozoo-iosTests */,
				A73767F11F79615500AE7A38 /* odontozoo-iosUITests */,
			);
		};
/* End PBXProject section */

/* Begin PBXResourcesBuildPhase section */
		A73767CE1F79615400AE7A38 /* Resources */ = {
			isa = PBXResourcesBuildPhase;
			buildActionMask = 2147483647;
			files = (
				A7B2F2FC1F9066F300098E69 /* photo_gallery_29x29.png in Resources */,
				A73767E11F79615500AE7A38 /* LaunchScreen.storyboard in Resources */,
				A76C02F41F8ADFE9008F113B /* iTunesArtwork@1x.png in Resources */,
				A76C02F71F8ADFE9008F113B /* AppIcon.appiconset in Resources */,
				A75521CE1F91DF9E00B22C1E /* Assets.xcassets in Resources */,
				A76C02F51F8ADFE9008F113B /* iTunesArtwork@2x.png in Resources */,
				A73768051F7A113E00AE7A38 /* GoogleService-Info.plist in Resources */,
				A76C02F61F8ADFE9008F113B /* iTunesArtwork@3x.png in Resources */,
				A79BB8451F958BE9003E6290 /* Localizable.strings in Resources */,
				A72FAA001F92659200A1A5D0 /* camera-40x40@1x.png in Resources */,
				A7B2F2FE1F9067B300098E69 /* edit_29x29.png in Resources */,
				A73767D91F79615500AE7A38 /* Main.storyboard in Resources */,
			);
			runOnlyForDeploymentPostprocessing = 0;
		};
		A73767E51F79615500AE7A38 /* Resources */ = {
			isa = PBXResourcesBuildPhase;
			buildActionMask = 2147483647;
			files = (
			);
			runOnlyForDeploymentPostprocessing = 0;
		};
		A73767F01F79615500AE7A38 /* Resources */ = {
			isa = PBXResourcesBuildPhase;
			buildActionMask = 2147483647;
			files = (
			);
			runOnlyForDeploymentPostprocessing = 0;
		};
/* End PBXResourcesBuildPhase section */

/* Begin PBXShellScriptBuildPhase section */
		1E515E8D8D681664929AE941 /* [CP] Embed Pods Frameworks */ = {
			isa = PBXShellScriptBuildPhase;
			buildActionMask = 2147483647;
			files = (
			);
			inputPaths = (
			);
			name = "[CP] Embed Pods Frameworks";
			outputPaths = (
			);
			runOnlyForDeploymentPostprocessing = 0;
			shellPath = /bin/sh;
			shellScript = "\"${SRCROOT}/Pods/Target Support Files/Pods-odontozoo-iosUITests/Pods-odontozoo-iosUITests-frameworks.sh\"\n";
			showEnvVarsInLog = 0;
		};
		2F1852A69D9074AEE45B7EE0 /* [CP] Copy Pods Resources */ = {
			isa = PBXShellScriptBuildPhase;
			buildActionMask = 2147483647;
			files = (
			);
			inputPaths = (
			);
			name = "[CP] Copy Pods Resources";
			outputPaths = (
			);
			runOnlyForDeploymentPostprocessing = 0;
			shellPath = /bin/sh;
			shellScript = "\"${SRCROOT}/Pods/Target Support Files/Pods-odontozoo-ios/Pods-odontozoo-ios-resources.sh\"\n";
			showEnvVarsInLog = 0;
		};
		6264852E27E99214F8B16F30 /* [CP] Copy Pods Resources */ = {
			isa = PBXShellScriptBuildPhase;
			buildActionMask = 2147483647;
			files = (
			);
			inputPaths = (
			);
			name = "[CP] Copy Pods Resources";
			outputPaths = (
			);
			runOnlyForDeploymentPostprocessing = 0;
			shellPath = /bin/sh;
			shellScript = "\"${SRCROOT}/Pods/Target Support Files/Pods-odontozoo-iosTests/Pods-odontozoo-iosTests-resources.sh\"\n";
			showEnvVarsInLog = 0;
		};
		7BE70F80C3954709D0E3DD2B /* [CP] Check Pods Manifest.lock */ = {
			isa = PBXShellScriptBuildPhase;
			buildActionMask = 2147483647;
			files = (
			);
			inputPaths = (
				"${PODS_PODFILE_DIR_PATH}/Podfile.lock",
				"${PODS_ROOT}/Manifest.lock",
			);
			name = "[CP] Check Pods Manifest.lock";
			outputPaths = (
				"$(DERIVED_FILE_DIR)/Pods-odontozoo-iosUITests-checkManifestLockResult.txt",
			);
			runOnlyForDeploymentPostprocessing = 0;
			shellPath = /bin/sh;
			shellScript = "diff \"${PODS_PODFILE_DIR_PATH}/Podfile.lock\" \"${PODS_ROOT}/Manifest.lock\" > /dev/null\nif [ $? != 0 ] ; then\n    # print error to STDERR\n    echo \"error: The sandbox is not in sync with the Podfile.lock. Run 'pod install' or update your CocoaPods installation.\" >&2\n    exit 1\nfi\n# This output is used by Xcode 'outputs' to avoid re-running this script phase.\necho \"SUCCESS\" > \"${SCRIPT_OUTPUT_FILE_0}\"\n";
			showEnvVarsInLog = 0;
		};
		9D913733C18FB29908F25641 /* [CP] Copy Pods Resources */ = {
			isa = PBXShellScriptBuildPhase;
			buildActionMask = 2147483647;
			files = (
			);
			inputPaths = (
			);
			name = "[CP] Copy Pods Resources";
			outputPaths = (
			);
			runOnlyForDeploymentPostprocessing = 0;
			shellPath = /bin/sh;
			shellScript = "\"${SRCROOT}/Pods/Target Support Files/Pods-odontozoo-iosUITests/Pods-odontozoo-iosUITests-resources.sh\"\n";
			showEnvVarsInLog = 0;
		};
		B7BBF54385C33A71354C1321 /* [CP] Check Pods Manifest.lock */ = {
			isa = PBXShellScriptBuildPhase;
			buildActionMask = 2147483647;
			files = (
			);
			inputPaths = (
				"${PODS_PODFILE_DIR_PATH}/Podfile.lock",
				"${PODS_ROOT}/Manifest.lock",
			);
			name = "[CP] Check Pods Manifest.lock";
			outputPaths = (
				"$(DERIVED_FILE_DIR)/Pods-odontozoo-ios-checkManifestLockResult.txt",
			);
			runOnlyForDeploymentPostprocessing = 0;
			shellPath = /bin/sh;
			shellScript = "diff \"${PODS_PODFILE_DIR_PATH}/Podfile.lock\" \"${PODS_ROOT}/Manifest.lock\" > /dev/null\nif [ $? != 0 ] ; then\n    # print error to STDERR\n    echo \"error: The sandbox is not in sync with the Podfile.lock. Run 'pod install' or update your CocoaPods installation.\" >&2\n    exit 1\nfi\n# This output is used by Xcode 'outputs' to avoid re-running this script phase.\necho \"SUCCESS\" > \"${SCRIPT_OUTPUT_FILE_0}\"\n";
			showEnvVarsInLog = 0;
		};
		BC8B0F0D7BB515AEF49201E2 /* [CP] Check Pods Manifest.lock */ = {
			isa = PBXShellScriptBuildPhase;
			buildActionMask = 2147483647;
			files = (
			);
			inputPaths = (
				"${PODS_PODFILE_DIR_PATH}/Podfile.lock",
				"${PODS_ROOT}/Manifest.lock",
			);
			name = "[CP] Check Pods Manifest.lock";
			outputPaths = (
				"$(DERIVED_FILE_DIR)/Pods-odontozoo-iosTests-checkManifestLockResult.txt",
			);
			runOnlyForDeploymentPostprocessing = 0;
			shellPath = /bin/sh;
			shellScript = "diff \"${PODS_PODFILE_DIR_PATH}/Podfile.lock\" \"${PODS_ROOT}/Manifest.lock\" > /dev/null\nif [ $? != 0 ] ; then\n    # print error to STDERR\n    echo \"error: The sandbox is not in sync with the Podfile.lock. Run 'pod install' or update your CocoaPods installation.\" >&2\n    exit 1\nfi\n# This output is used by Xcode 'outputs' to avoid re-running this script phase.\necho \"SUCCESS\" > \"${SCRIPT_OUTPUT_FILE_0}\"\n";
			showEnvVarsInLog = 0;
		};
		EF5D713A7784AFC1EDAD9CBE /* [CP] Embed Pods Frameworks */ = {
			isa = PBXShellScriptBuildPhase;
			buildActionMask = 2147483647;
			files = (
			);
			inputPaths = (
			);
			name = "[CP] Embed Pods Frameworks";
			outputPaths = (
			);
			runOnlyForDeploymentPostprocessing = 0;
			shellPath = /bin/sh;
			shellScript = "\"${SRCROOT}/Pods/Target Support Files/Pods-odontozoo-iosTests/Pods-odontozoo-iosTests-frameworks.sh\"\n";
			showEnvVarsInLog = 0;
		};
		FEA8B0A2F75DFC056FB32B8A /* [CP] Embed Pods Frameworks */ = {
			isa = PBXShellScriptBuildPhase;
			buildActionMask = 2147483647;
			files = (
			);
			inputPaths = (
				"${SRCROOT}/Pods/Target Support Files/Pods-odontozoo-ios/Pods-odontozoo-ios-frameworks.sh",
				"${BUILT_PRODUCTS_DIR}/GTMSessionFetcher/GTMSessionFetcher.framework",
				"${BUILT_PRODUCTS_DIR}/GoogleToolboxForMac/GoogleToolboxForMac.framework",
				"${BUILT_PRODUCTS_DIR}/SDWebImage/SDWebImage.framework",
				"${BUILT_PRODUCTS_DIR}/leveldb-library/leveldb.framework",
				"${BUILT_PRODUCTS_DIR}/nanopb/nanopb.framework",
			);
			name = "[CP] Embed Pods Frameworks";
			outputPaths = (
				"${TARGET_BUILD_DIR}/${FRAMEWORKS_FOLDER_PATH}/GTMSessionFetcher.framework",
				"${TARGET_BUILD_DIR}/${FRAMEWORKS_FOLDER_PATH}/GoogleToolboxForMac.framework",
				"${TARGET_BUILD_DIR}/${FRAMEWORKS_FOLDER_PATH}/SDWebImage.framework",
				"${TARGET_BUILD_DIR}/${FRAMEWORKS_FOLDER_PATH}/leveldb.framework",
				"${TARGET_BUILD_DIR}/${FRAMEWORKS_FOLDER_PATH}/nanopb.framework",
			);
			runOnlyForDeploymentPostprocessing = 0;
			shellPath = /bin/sh;
			shellScript = "\"${SRCROOT}/Pods/Target Support Files/Pods-odontozoo-ios/Pods-odontozoo-ios-frameworks.sh\"\n";
			showEnvVarsInLog = 0;
		};
/* End PBXShellScriptBuildPhase section */

/* Begin PBXSourcesBuildPhase section */
		A73767CC1F79615400AE7A38 /* Sources */ = {
			isa = PBXSourcesBuildPhase;
			buildActionMask = 2147483647;
			files = (
				A75521D01F92448400B22C1E /* OdontogramaImagesHeaderView.swift in Sources */,
				A73767DC1F79615500AE7A38 /* odontozoo_ios.xcdatamodeld in Sources */,
				A7AA702F1F80543D00835DF2 /* RegisterViewController.swift in Sources */,
				A75521CC1F912E0500B22C1E /* OdontogramaImageCollectionViewCell.swift in Sources */,
				A7AA70381F80855200835DF2 /* Utils.swift in Sources */,
				A77CAD061F92AF1E000657BD /* OdontogramaCameraViewController.swift in Sources */,
				A76C02E71F8AC31F008F113B /* OdontogramaSvgViewController.swift in Sources */,
				A7AA703C1F86AA2D00835DF2 /* ImageTableViewCell.swift in Sources */,
				A73767D41F79615500AE7A38 /* AppDelegate.swift in Sources */,
				A76C02E91F8AC5F7008F113B /* OdontogramaTabBarController.swift in Sources */,
				A7B2F3001F906E2A00098E69 /* OdontogramaImagesViewController.swift in Sources */,
				A72FAA021F928AD400A1A5D0 /* OdontogramaImageViewController.swift in Sources */,
				A7BC2A1B1F7F086B006FF242 /* Odontograma.swift in Sources */,
				A7AA70401F89ABE500835DF2 /* OdontogramaDetailViewController.swift in Sources */,
				A7AA70361F80662C00835DF2 /* SignInViewController.swift in Sources */,
				A7AA703A1F8474A800835DF2 /* OdontogramaListViewController.swift in Sources */,
				A7BC2A191F7F023E006FF242 /* Usuario.swift in Sources */,
				A7BC2A161F7F00D6006FF242 /* Imagem.swift in Sources */,
				A7AA70331F80593500835DF2 /* UIViewController+Alerts.m in Sources */,
			);
			runOnlyForDeploymentPostprocessing = 0;
		};
		A73767E31F79615500AE7A38 /* Sources */ = {
			isa = PBXSourcesBuildPhase;
			buildActionMask = 2147483647;
			files = (
				A73767EC1F79615500AE7A38 /* odontozoo_iosTests.swift in Sources */,
			);
			runOnlyForDeploymentPostprocessing = 0;
		};
		A73767EE1F79615500AE7A38 /* Sources */ = {
			isa = PBXSourcesBuildPhase;
			buildActionMask = 2147483647;
			files = (
				A73767F71F79615500AE7A38 /* odontozoo_iosUITests.swift in Sources */,
			);
			runOnlyForDeploymentPostprocessing = 0;
		};
/* End PBXSourcesBuildPhase section */

/* Begin PBXTargetDependency section */
		A73767E91F79615500AE7A38 /* PBXTargetDependency */ = {
			isa = PBXTargetDependency;
			target = A73767CF1F79615400AE7A38 /* odontozoo-ios */;
			targetProxy = A73767E81F79615500AE7A38 /* PBXContainerItemProxy */;
		};
		A73767F41F79615500AE7A38 /* PBXTargetDependency */ = {
			isa = PBXTargetDependency;
			target = A73767CF1F79615400AE7A38 /* odontozoo-ios */;
			targetProxy = A73767F31F79615500AE7A38 /* PBXContainerItemProxy */;
		};
/* End PBXTargetDependency section */

/* Begin PBXVariantGroup section */
		A73767D71F79615500AE7A38 /* Main.storyboard */ = {
			isa = PBXVariantGroup;
			children = (
				A73767D81F79615500AE7A38 /* Base */,
				A79BB8341F957EB1003E6290 /* pt-BR */,
				A79BB8361F95879B003E6290 /* es */,
			);
			name = Main.storyboard;
			sourceTree = "<group>";
		};
		A73767DF1F79615500AE7A38 /* LaunchScreen.storyboard */ = {
			isa = PBXVariantGroup;
			children = (
				A73767E01F79615500AE7A38 /* Base */,
				A79BB8351F957EB1003E6290 /* pt-BR */,
				A79BB8371F95879B003E6290 /* es */,
			);
			name = LaunchScreen.storyboard;
			sourceTree = "<group>";
		};
		A79BB8471F958BE9003E6290 /* Localizable.strings */ = {
			isa = PBXVariantGroup;
			children = (
				A79BB8461F958BE9003E6290 /* es */,
				A79BB8481F958C51003E6290 /* Base */,
			);
			name = Localizable.strings;
			sourceTree = "<group>";
		};
/* End PBXVariantGroup section */

/* Begin XCBuildConfiguration section */
		A73767F91F79615500AE7A38 /* Debug */ = {
			isa = XCBuildConfiguration;
			buildSettings = {
				ALWAYS_SEARCH_USER_PATHS = NO;
				CLANG_ANALYZER_LOCALIZABILITY_NONLOCALIZED = YES;
				CLANG_ANALYZER_NONNULL = YES;
				CLANG_ANALYZER_NUMBER_OBJECT_CONVERSION = YES_AGGRESSIVE;
				CLANG_CXX_LANGUAGE_STANDARD = "gnu++0x";
				CLANG_CXX_LIBRARY = "libc++";
				CLANG_ENABLE_MODULES = YES;
				CLANG_ENABLE_OBJC_ARC = YES;
				CLANG_WARN_BOOL_CONVERSION = YES;
				CLANG_WARN_CONSTANT_CONVERSION = YES;
				CLANG_WARN_DIRECT_OBJC_ISA_USAGE = YES_ERROR;
				CLANG_WARN_DOCUMENTATION_COMMENTS = YES;
				CLANG_WARN_EMPTY_BODY = YES;
				CLANG_WARN_ENUM_CONVERSION = YES;
				CLANG_WARN_INFINITE_RECURSION = YES;
				CLANG_WARN_INT_CONVERSION = YES;
				CLANG_WARN_OBJC_ROOT_CLASS = YES_ERROR;
				CLANG_WARN_SUSPICIOUS_MOVE = YES;
				CLANG_WARN_UNREACHABLE_CODE = YES;
				CLANG_WARN__DUPLICATE_METHOD_MATCH = YES;
				CODE_SIGN_IDENTITY = "iPhone Developer";
				"CODE_SIGN_IDENTITY[sdk=iphoneos*]" = "iPhone Developer: Leonardo BarnabÃ© (9L6E5GBYSG)";
				COPY_PHASE_STRIP = NO;
				DEBUG_INFORMATION_FORMAT = dwarf;
				ENABLE_STRICT_OBJC_MSGSEND = YES;
				ENABLE_TESTABILITY = YES;
				GCC_C_LANGUAGE_STANDARD = gnu99;
				GCC_DYNAMIC_NO_PIC = NO;
				GCC_NO_COMMON_BLOCKS = YES;
				GCC_OPTIMIZATION_LEVEL = 0;
				GCC_PREPROCESSOR_DEFINITIONS = (
					"DEBUG=1",
					"$(inherited)",
				);
				GCC_WARN_64_TO_32_BIT_CONVERSION = YES;
				GCC_WARN_ABOUT_RETURN_TYPE = YES_ERROR;
				GCC_WARN_UNDECLARED_SELECTOR = YES;
				GCC_WARN_UNINITIALIZED_AUTOS = YES_AGGRESSIVE;
				GCC_WARN_UNUSED_FUNCTION = YES;
				GCC_WARN_UNUSED_VARIABLE = YES;
				IPHONEOS_DEPLOYMENT_TARGET = 10.3;
				MTL_ENABLE_DEBUG_INFO = YES;
				ONLY_ACTIVE_ARCH = YES;
				SDKROOT = iphoneos;
				SWIFT_ACTIVE_COMPILATION_CONDITIONS = DEBUG;
				SWIFT_OPTIMIZATION_LEVEL = "-Onone";
			};
			name = Debug;
		};
		A73767FA1F79615500AE7A38 /* Release */ = {
			isa = XCBuildConfiguration;
			buildSettings = {
				ALWAYS_SEARCH_USER_PATHS = NO;
				CLANG_ANALYZER_LOCALIZABILITY_NONLOCALIZED = YES;
				CLANG_ANALYZER_NONNULL = YES;
				CLANG_ANALYZER_NUMBER_OBJECT_CONVERSION = YES_AGGRESSIVE;
				CLANG_CXX_LANGUAGE_STANDARD = "gnu++0x";
				CLANG_CXX_LIBRARY = "libc++";
				CLANG_ENABLE_MODULES = YES;
				CLANG_ENABLE_OBJC_ARC = YES;
				CLANG_WARN_BOOL_CONVERSION = YES;
				CLANG_WARN_CONSTANT_CONVERSION = YES;
				CLANG_WARN_DIRECT_OBJC_ISA_USAGE = YES_ERROR;
				CLANG_WARN_DOCUMENTATION_COMMENTS = YES;
				CLANG_WARN_EMPTY_BODY = YES;
				CLANG_WARN_ENUM_CONVERSION = YES;
				CLANG_WARN_INFINITE_RECURSION = YES;
				CLANG_WARN_INT_CONVERSION = YES;
				CLANG_WARN_OBJC_ROOT_CLASS = YES_ERROR;
				CLANG_WARN_SUSPICIOUS_MOVE = YES;
				CLANG_WARN_UNREACHABLE_CODE = YES;
				CLANG_WARN__DUPLICATE_METHOD_MATCH = YES;
				CODE_SIGN_IDENTITY = "iPhone Developer";
				"CODE_SIGN_IDENTITY[sdk=iphoneos*]" = "iPhone Developer: Leonardo BarnabÃ© (9L6E5GBYSG)";
				COPY_PHASE_STRIP = NO;
				DEBUG_INFORMATION_FORMAT = "dwarf-with-dsym";
				ENABLE_NS_ASSERTIONS = NO;
				ENABLE_STRICT_OBJC_MSGSEND = YES;
				GCC_C_LANGUAGE_STANDARD = gnu99;
				GCC_NO_COMMON_BLOCKS = YES;
				GCC_WARN_64_TO_32_BIT_CONVERSION = YES;
				GCC_WARN_ABOUT_RETURN_TYPE = YES_ERROR;
				GCC_WARN_UNDECLARED_SELECTOR = YES;
				GCC_WARN_UNINITIALIZED_AUTOS = YES_AGGRESSIVE;
				GCC_WARN_UNUSED_FUNCTION = YES;
				GCC_WARN_UNUSED_VARIABLE = YES;
				IPHONEOS_DEPLOYMENT_TARGET = 10.3;
				MTL_ENABLE_DEBUG_INFO = NO;
				SDKROOT = iphoneos;
				SWIFT_OPTIMIZATION_LEVEL = "-Owholemodule";
				VALIDATE_PRODUCT = YES;
			};
			name = Release;
		};
		A73767FC1F79615500AE7A38 /* Debug */ = {
			isa = XCBuildConfiguration;
			baseConfigurationReference = A2582341F51E7967893272DF /* Pods-odontozoo-ios.debug.xcconfig */;
			buildSettings = {
				ASSETCATALOG_COMPILER_APPICON_NAME = AppIcon;
				CLANG_ENABLE_MODULES = YES;
				"CODE_SIGN_IDENTITY[sdk=iphoneos*]" = "iPhone Developer";
				DEVELOPMENT_TEAM = 55X7XV56SM;
				INFOPLIST_FILE = "odontozoo-ios/Info.plist";
				LD_RUNPATH_SEARCH_PATHS = "$(inherited) @executable_path/Frameworks";
				PRODUCT_BUNDLE_IDENTIFIER = "br.unisinos.odontozoo-ios";
				PRODUCT_NAME = "$(TARGET_NAME)";
				PROVISIONING_PROFILE_SPECIFIER = "";
				SWIFT_OBJC_BRIDGING_HEADER = "odontozoo-ios/odontozoo-ios-Bridging-Header.h";
				SWIFT_OPTIMIZATION_LEVEL = "-Onone";
				SWIFT_VERSION = 3.0;
			};
			name = Debug;
		};
		A73767FD1F79615500AE7A38 /* Release */ = {
			isa = XCBuildConfiguration;
			baseConfigurationReference = 569C673336E4F44019A91860 /* Pods-odontozoo-ios.release.xcconfig */;
			buildSettings = {
				ASSETCATALOG_COMPILER_APPICON_NAME = AppIcon;
				CLANG_ENABLE_MODULES = YES;
				"CODE_SIGN_IDENTITY[sdk=iphoneos*]" = "iPhone Developer";
				DEVELOPMENT_TEAM = 55X7XV56SM;
				INFOPLIST_FILE = "odontozoo-ios/Info.plist";
				LD_RUNPATH_SEARCH_PATHS = "$(inherited) @executable_path/Frameworks";
				PRODUCT_BUNDLE_IDENTIFIER = "br.unisinos.odontozoo-ios";
				PRODUCT_NAME = "$(TARGET_NAME)";
				PROVISIONING_PROFILE_SPECIFIER = "";
				SWIFT_OBJC_BRIDGING_HEADER = "odontozoo-ios/odontozoo-ios-Bridging-Header.h";
				SWIFT_VERSION = 3.0;
			};
			name = Release;
		};
		A73767FF1F79615500AE7A38 /* Debug */ = {
			isa = XCBuildConfiguration;
			baseConfigurationReference = 7803564E29AE2F09606C8DDC /* Pods-odontozoo-iosTests.debug.xcconfig */;
			buildSettings = {
				ALWAYS_EMBED_SWIFT_STANDARD_LIBRARIES = YES;
				BUNDLE_LOADER = "$(TEST_HOST)";
				DEVELOPMENT_TEAM = 55X7XV56SM;
				INFOPLIST_FILE = "odontozoo-iosTests/Info.plist";
				LD_RUNPATH_SEARCH_PATHS = "$(inherited) @executable_path/Frameworks @loader_path/Frameworks";
				PRODUCT_BUNDLE_IDENTIFIER = "br.unisinos.odontozoo-iosTests";
				PRODUCT_NAME = "$(TARGET_NAME)";
				SWIFT_VERSION = 3.0;
				TEST_HOST = "$(BUILT_PRODUCTS_DIR)/odontozoo-ios.app/odontozoo-ios";
			};
			name = Debug;
		};
		A73768001F79615500AE7A38 /* Release */ = {
			isa = XCBuildConfiguration;
			baseConfigurationReference = C3FB93D52BE707A96E52981F /* Pods-odontozoo-iosTests.release.xcconfig */;
			buildSettings = {
				ALWAYS_EMBED_SWIFT_STANDARD_LIBRARIES = YES;
				BUNDLE_LOADER = "$(TEST_HOST)";
				DEVELOPMENT_TEAM = 55X7XV56SM;
				INFOPLIST_FILE = "odontozoo-iosTests/Info.plist";
				LD_RUNPATH_SEARCH_PATHS = "$(inherited) @executable_path/Frameworks @loader_path/Frameworks";
				PRODUCT_BUNDLE_IDENTIFIER = "br.unisinos.odontozoo-iosTests";
				PRODUCT_NAME = "$(TARGET_NAME)";
				SWIFT_VERSION = 3.0;
				TEST_HOST = "$(BUILT_PRODUCTS_DIR)/odontozoo-ios.app/odontozoo-ios";
			};
			name = Release;
		};
		A73768021F79615500AE7A38 /* Debug */ = {
			isa = XCBuildConfiguration;
			baseConfigurationReference = 6ECD0F1976585EE9C8B8C814 /* Pods-odontozoo-iosUITests.debug.xcconfig */;
			buildSettings = {
				ALWAYS_EMBED_SWIFT_STANDARD_LIBRARIES = YES;
				DEVELOPMENT_TEAM = 55X7XV56SM;
				INFOPLIST_FILE = "odontozoo-iosUITests/Info.plist";
				LD_RUNPATH_SEARCH_PATHS = "$(inherited) @executable_path/Frameworks @loader_path/Frameworks";
				PRODUCT_BUNDLE_IDENTIFIER = "br.unisinos.odontozoo-iosUITests";
				PRODUCT_NAME = "$(TARGET_NAME)";
				SWIFT_VERSION = 3.0;
				TEST_TARGET_NAME = "odontozoo-ios";
			};
			name = Debug;
		};
		A73768031F79615500AE7A38 /* Release */ = {
			isa = XCBuildConfiguration;
			baseConfigurationReference = 05D589F95783E167305B50DA /* Pods-odontozoo-iosUITests.release.xcconfig */;
			buildSettings = {
				ALWAYS_EMBED_SWIFT_STANDARD_LIBRARIES = YES;
				DEVELOPMENT_TEAM = 55X7XV56SM;
				INFOPLIST_FILE = "odontozoo-iosUITests/Info.plist";
				LD_RUNPATH_SEARCH_PATHS = "$(inherited) @executable_path/Frameworks @loader_path/Frameworks";
				PRODUCT_BUNDLE_IDENTIFIER = "br.unisinos.odontozoo-iosUITests";
				PRODUCT_NAME = "$(TARGET_NAME)";
				SWIFT_VERSION = 3.0;
				TEST_TARGET_NAME = "odontozoo-ios";
			};
			name = Release;
		};
/* End XCBuildConfiguration section */

/* Begin XCConfigurationList section */
		A73767CB1F79615400AE7A38 /* Build configuration list for PBXProject "odontozoo-ios" */ = {
			isa = XCConfigurationList;
			buildConfigurations = (
				A73767F91F79615500AE7A38 /* Debug */,
				A73767FA1F79615500AE7A38 /* Release */,
			);
			defaultConfigurationIsVisible = 0;
			defaultConfigurationName = Release;
		};
		A73767FB1F79615500AE7A38 /* Build configuration list for PBXNativeTarget "odontozoo-ios" */ = {
			isa = XCConfigurationList;
			buildConfigurations = (
				A73767FC1F79615500AE7A38 /* Debug */,
				A73767FD1F79615500AE7A38 /* Release */,
			);
			defaultConfigurationIsVisible = 0;
			defaultConfigurationName = Release;
		};
		A73767FE1F79615500AE7A38 /* Build configuration list for PBXNativeTarget "odontozoo-iosTests" */ = {
			isa = XCConfigurationList;
			buildConfigurations = (
				A73767FF1F79615500AE7A38 /* Debug */,
				A73768001F79615500AE7A38 /* Release */,
			);
			defaultConfigurationIsVisible = 0;
			defaultConfigurationName = Release;
		};
		A73768011F79615500AE7A38 /* Build configuration list for PBXNativeTarget "odontozoo-iosUITests" */ = {
			isa = XCConfigurationList;
			buildConfigurations = (
				A73768021F79615500AE7A38 /* Debug */,
				A73768031F79615500AE7A38 /* Release */,
			);
			defaultConfigurationIsVisible = 0;
			defaultConfigurationName = Release;
		};
/* End XCConfigurationList section */

/* Begin XCVersionGroup section */
		A73767DA1F79615500AE7A38 /* odontozoo_ios.xcdatamodeld */ = {
			isa = XCVersionGroup;
			children = (
				A73767DB1F79615500AE7A38 /* odontozoo_ios.xcdatamodel */,
			);
			currentVersion = A73767DB1F79615500AE7A38 /* odontozoo_ios.xcdatamodel */;
			path = odontozoo_ios.xcdatamodeld;
			sourceTree = "<group>";
			versionGroupType = wrapper.xcdatamodel;
		};
/* End XCVersionGroup section */
	};
	rootObject = A73767C81F79615400AE7A38 /* Project object */;
}
